{
    "_readme": [
        "This file locks the dependencies of your project to a known state",
        "Read more about it at https://getcomposer.org/doc/01-basic-usage.md#installing-dependencies",
        "This file is @generated automatically"
    ],
    "content-hash": "9c504c458c028e4682e0ecb2f67eeda1",
    "packages": [
        {
            "name": "jorenvanhocht/laravel-share",
            "version": "4.2.0",
            "source": {
                "type": "git",
                "url": "https://github.com/jorenvh/laravel-share.git",
                "reference": "86af334068038a840567ed62f2082fe3ac981476"
            },
            "dist": {
                "type": "zip",
                "url": "https://api.github.com/repos/jorenvh/laravel-share/zipball/86af334068038a840567ed62f2082fe3ac981476",
                "reference": "86af334068038a840567ed62f2082fe3ac981476",
                "shasum": ""
            },
            "require": {
                "php": "^7.4|^8.0"
            },
            "require-dev": {
                "orchestra/testbench": "^6.13|^7.0",
                "phpunit/phpunit": "^9.3"
            },
            "type": "library",
            "extra": {
                "laravel": {
                    "providers": [
                        "Jorenvh\\Share\\Providers\\ShareServiceProvider"
                    ],
                    "aliases": {
                        "Share": "Jorenvh\\Share\\ShareFacade"
                    }
                }
            },
            "autoload": {
                "psr-4": {
                    "Jorenvh\\Share\\": "src"
                }
            },
            "notification-url": "https://packagist.org/downloads/",
            "license": [
                "MIT"
            ],
            "authors": [
                {
                    "name": "Joren Van Hocht",
                    "email": "joren@codeswitch.be",
                    "homepage": "https://codeswitch.be",
                    "role": "Developer"
                }
            ],
            "description": "Optional package for Laravel to generate social share links.",
            "homepage": "https://github.com/jorenvh/laravel-share",
            "keywords": [
                "laravel",
                "share",
                "social links",
                "social share links"
            ],
            "support": {
                "issues": "https://github.com/jorenvh/laravel-share/issues",
                "source": "https://github.com/jorenvh/laravel-share/tree/4.2.0"
            },
            "time": "2022-02-11T17:20:09+00:00"
        }
    ],
    "packages-dev": [],
    "aliases": [],
    "minimum-stability": "stable",
    "stability-flags": [],
    "prefer-stable": false,
    "prefer-lowest": false,
    "platform": [],
    "platform-dev": [],
    "plugin-api-version": "2.6.0"
}
